// !$*UTF8*$!
{
	archiveVersion = 1;
	classes = {
	};
	objectVersion = 48;
	objects = {

/* Begin PBXBuildFile section */
		8178E31A2023033E007FA0C7 /* AppDelegate.swift in Sources */ = {isa = PBXBuildFile; fileRef = 8178E3192023033E007FA0C7 /* AppDelegate.swift */; };
		8178E31C2023033E007FA0C7 /* ViewController.swift in Sources */ = {isa = PBXBuildFile; fileRef = 8178E31B2023033E007FA0C7 /* ViewController.swift */; };
		8178E31F2023033E007FA0C7 /* Main.storyboard in Resources */ = {isa = PBXBuildFile; fileRef = 8178E31D2023033E007FA0C7 /* Main.storyboard */; };
		8178E3212023033E007FA0C7 /* Assets.xcassets in Resources */ = {isa = PBXBuildFile; fileRef = 8178E3202023033E007FA0C7 /* Assets.xcassets */; };
		8178E3242023033E007FA0C7 /* LaunchScreen.storyboard in Resources */ = {isa = PBXBuildFile; fileRef = 8178E3222023033E007FA0C7 /* LaunchScreen.storyboard */; };
		8178E32F2023033E007FA0C7 /* TestCustomProgressTests.swift in Sources */ = {isa = PBXBuildFile; fileRef = 8178E32E2023033E007FA0C7 /* TestCustomProgressTests.swift */; };
		8178E33A2023033E007FA0C7 /* TestCustomProgressUITests.swift in Sources */ = {isa = PBXBuildFile; fileRef = 8178E3392023033E007FA0C7 /* TestCustomProgressUITests.swift */; };
		8178E348202303D9007FA0C7 /* CDProgress.swift in Sources */ = {isa = PBXBuildFile; fileRef = 8178E347202303D9007FA0C7 /* CDProgress.swift */; };
/* End PBXBuildFile section */

/* Begin PBXContainerItemProxy section */
		8178E32B2023033E007FA0C7 /* PBXContainerItemProxy */ = {
			isa = PBXContainerItemProxy;
			containerPortal = 8178E30E2023033E007FA0C7 /* Project object */;
			proxyType = 1;
			remoteGlobalIDString = 8178E3152023033E007FA0C7;
			remoteInfo = TestCustomProgress;
		};
		8178E3362023033E007FA0C7 /* PBXContainerItemProxy */ = {
			isa = PBXContainerItemProxy;
			containerPortal = 8178E30E2023033E007FA0C7 /* Project object */;
			proxyType = 1;
			remoteGlobalIDString = 8178E3152023033E007FA0C7;
			remoteInfo = TestCustomProgress;
		};
/* End PBXContainerItemProxy section */

/* Begin PBXFileReference section */
		8178E3162023033E007FA0C7 /* TestCustomProgress.app */ = {isa = PBXFileReference; explicitFileType = wrapper.application; includeInIndex = 0; path = TestCustomProgress.app; sourceTree = BUILT_PRODUCTS_DIR; };
		8178E3192023033E007FA0C7 /* AppDelegate.swift */ = {isa = PBXFileReference; lastKnownFileType = sourcecode.swift; path = AppDelegate.swift; sourceTree = "<group>"; };
		8178E31B2023033E007FA0C7 /* ViewController.swift */ = {isa = PBXFileReference; lastKnownFileType = sourcecode.swift; path = ViewController.swift; sourceTree = "<group>"; };
		8178E31E2023033E007FA0C7 /* Base */ = {isa = PBXFileReference; lastKnownFileType = file.storyboard; name = Base; path = Base.lproj/Main.storyboard; sourceTree = "<group>"; };
		8178E3202023033E007FA0C7 /* Assets.xcassets */ = {isa = PBXFileReference; lastKnownFileType = folder.assetcatalog; path = Assets.xcassets; sourceTree = "<group>"; };
		8178E3232023033E007FA0C7 /* Base */ = {isa = PBXFileReference; lastKnownFileType = file.storyboard; name = Base; path = Base.lproj/LaunchScreen.storyboard; sourceTree = "<group>"; };
		8178E3252023033E007FA0C7 /* Info.plist */ = {isa = PBXFileReference; lastKnownFileType = text.plist.xml; path = Info.plist; sourceTree = "<group>"; };
		8178E32A2023033E007FA0C7 /* TestCustomProgressTests.xctest */ = {isa = PBXFileReference; explicitFileType = wrapper.cfbundle; includeInIndex = 0; path = TestCustomProgressTests.xctest; sourceTree = BUILT_PRODUCTS_DIR; };
		8178E32E2023033E007FA0C7 /* TestCustomProgressTests.swift */ = {isa = PBXFileReference; lastKnownFileType = sourcecode.swift; path = TestCustomProgressTests.swift; sourceTree = "<group>"; };
		8178E3302023033E007FA0C7 /* Info.plist */ = {isa = PBXFileReference; lastKnownFileType = text.plist.xml; path = Info.plist; sourceTree = "<group>"; };
		8178E3352023033E007FA0C7 /* TestCustomProgressUITests.xctest */ = {isa = PBXFileReference; explicitFileType = wrapper.cfbundle; includeInIndex = 0; path = TestCustomProgressUITests.xctest; sourceTree = BUILT_PRODUCTS_DIR; };
		8178E3392023033E007FA0C7 /* TestCustomProgressUITests.swift */ = {isa = PBXFileReference; lastKnownFileType = sourcecode.swift; path = TestCustomProgressUITests.swift; sourceTree = "<group>"; };
		8178E33B2023033E007FA0C7 /* Info.plist */ = {isa = PBXFileReference; lastKnownFileType = text.plist.xml; path = Info.plist; sourceTree = "<group>"; };
		8178E347202303D9007FA0C7 /* CDProgress.swift */ = {isa = PBXFileReference; lastKnownFileType = sourcecode.swift; path = CDProgress.swift; sourceTree = "<group>"; };
/* End PBXFileReference section */

/* Begin PBXFrameworksBuildPhase section */
		8178E3132023033E007FA0C7 /* Frameworks */ = {
			isa = PBXFrameworksBuildPhase;
			buildActionMask = 2147483647;
			files = (
			);
			runOnlyForDeploymentPostprocessing = 0;
		};
		8178E3272023033E007FA0C7 /* Frameworks */ = {
			isa = PBXFrameworksBuildPhase;
			buildActionMask = 2147483647;
			files = (
			);
			runOnlyForDeploymentPostprocessing = 0;
		};
		8178E3322023033E007FA0C7 /* Frameworks */ = {
			isa = PBXFrameworksBuildPhase;
			buildActionMask = 2147483647;
			files = (
			);
			runOnlyForDeploymentPostprocessing = 0;
		};
/* End PBXFrameworksBuildPhase section */

/* Begin PBXGroup section */
		8178E30D2023033E007FA0C7 = {
			isa = PBXGroup;
			children = (
				8178E3182023033E007FA0C7 /* TestCustomProgress */,
				8178E32D2023033E007FA0C7 /* TestCustomProgressTests */,
				8178E3382023033E007FA0C7 /* TestCustomProgressUITests */,
				8178E3172023033E007FA0C7 /* Products */,
			);
			sourceTree = "<group>";
		};
		8178E3172023033E007FA0C7 /* Products */ = {
			isa = PBXGroup;
			children = (
				8178E3162023033E007FA0C7 /* TestCustomProgress.app */,
				8178E32A2023033E007FA0C7 /* TestCustomProgressTests.xctest */,
				8178E3352023033E007FA0C7 /* TestCustomProgressUITests.xctest */,
			);
			name = Products;
			sourceTree = "<group>";
		};
		8178E3182023033E007FA0C7 /* TestCustomProgress */ = {
			isa = PBXGroup;
			children = (
				8178E3192023033E007FA0C7 /* AppDelegate.swift */,
				8178E31B2023033E007FA0C7 /* ViewController.swift */,
				8178E347202303D9007FA0C7 /* CDProgress.swift */,
				8178E31D2023033E007FA0C7 /* Main.storyboard */,
				8178E3202023033E007FA0C7 /* Assets.xcassets */,
				8178E3222023033E007FA0C7 /* LaunchScreen.storyboard */,
				8178E3252023033E007FA0C7 /* Info.plist */,
			);
			path = TestCustomProgress;
			sourceTree = "<group>";
		};
		8178E32D2023033E007FA0C7 /* TestCustomProgressTests */ = {
			isa = PBXGroup;
			children = (
				8178E32E2023033E007FA0C7 /* TestCustomProgressTests.swift */,
				8178E3302023033E007FA0C7 /* Info.plist */,
			);
			path = TestCustomProgressTests;
			sourceTree = "<group>";
		};
		8178E3382023033E007FA0C7 /* TestCustomProgressUITests */ = {
			isa = PBXGroup;
			children = (
				8178E3392023033E007FA0C7 /* TestCustomProgressUITests.swift */,
				8178E33B2023033E007FA0C7 /* Info.plist */,
			);
			path = TestCustomProgressUITests;
			sourceTree = "<group>";
		};
/* End PBXGroup section */

/* Begin PBXNativeTarget section */
		8178E3152023033E007FA0C7 /* TestCustomProgress */ = {
			isa = PBXNativeTarget;
			buildConfigurationList = 8178E33E2023033E007FA0C7 /* Build configuration list for PBXNativeTarget "TestCustomProgress" */;
			buildPhases = (
				8178E3122023033E007FA0C7 /* Sources */,
				8178E3132023033E007FA0C7 /* Frameworks */,
				8178E3142023033E007FA0C7 /* Resources */,
			);
			buildRules = (
			);
			dependencies = (
			);
			name = TestCustomProgress;
			productName = TestCustomProgress;
			productReference = 8178E3162023033E007FA0C7 /* TestCustomProgress.app */;
			productType = "com.apple.product-type.application";
		};
		8178E3292023033E007FA0C7 /* TestCustomProgressTests */ = {
			isa = PBXNativeTarget;
			buildConfigurationList = 8178E3412023033E007FA0C7 /* Build configuration list for PBXNativeTarget "TestCustomProgressTests" */;
			buildPhases = (
				8178E3262023033E007FA0C7 /* Sources */,
				8178E3272023033E007FA0C7 /* Frameworks */,
				8178E3282023033E007FA0C7 /* Resources */,
			);
			buildRules = (
			);
			dependencies = (
				8178E32C2023033E007FA0C7 /* PBXTargetDependency */,
			);
			name = TestCustomProgressTests;
			productName = TestCustomProgressTests;
			productReference = 8178E32A2023033E007FA0C7 /* TestCustomProgressTests.xctest */;
			productType = "com.apple.product-type.bundle.unit-test";
		};
		8178E3342023033E007FA0C7 /* TestCustomProgressUITests */ = {
			isa = PBXNativeTarget;
			buildConfigurationList = 8178E3442023033E007FA0C7 /* Build configuration list for PBXNativeTarget "TestCustomProgressUITests" */;
			buildPhases = (
				8178E3312023033E007FA0C7 /* Sources */,
				8178E3322023033E007FA0C7 /* Frameworks */,
				8178E3332023033E007FA0C7 /* Resources */,
			);
			buildRules = (
			);
			dependencies = (
				8178E3372023033E007FA0C7 /* PBXTargetDependency */,
			);
			name = TestCustomProgressUITests;
			productName = TestCustomProgressUITests;
			productReference = 8178E3352023033E007FA0C7 /* TestCustomProgressUITests.xctest */;
			productType = "com.apple.product-type.bundle.ui-testing";
		};
/* End PBXNativeTarget section */

/* Begin PBXProject section */
		8178E30E2023033E007FA0C7 /* Project object */ = {
			isa = PBXProject;
			attributes = {
				LastSwiftUpdateCheck = 0920;
				LastUpgradeCheck = 0920;
				ORGANIZATIONNAME = iOS;
				TargetAttributes = {
					8178E3152023033E007FA0C7 = {
						CreatedOnToolsVersion = 9.2;
						ProvisioningStyle = Automatic;
					};
					8178E3292023033E007FA0C7 = {
						CreatedOnToolsVersion = 9.2;
						ProvisioningStyle = Automatic;
						TestTargetID = 8178E3152023033E007FA0C7;
					};
					8178E3342023033E007FA0C7 = {
						CreatedOnToolsVersion = 9.2;
						ProvisioningStyle = Automatic;
						TestTargetID = 8178E3152023033E007FA0C7;
					};
				};
			};
			buildConfigurationList = 8178E3112023033E007FA0C7 /* Build configuration list for PBXProject "TestCustomProgress" */;
			compatibilityVersion = "Xcode 8.0";
			developmentRegion = en;
			hasScannedForEncodings = 0;
			knownRegions = (
				en,
				Base,
			);
			mainGroup = 8178E30D2023033E007FA0C7;
			productRefGroup = 8178E3172023033E007FA0C7 /* Products */;
			projectDirPath = "";
			projectRoot = "";
			targets = (
				8178E3152023033E007FA0C7 /* TestCustomProgress */,
				8178E3292023033E007FA0C7 /* TestCustomProgressTests */,
				8178E3342023033E007FA0C7 /* TestCustomProgressUITests */,
			);
		};
/* End PBXProject section */

/* Begin PBXResourcesBuildPhase section */
		8178E3142023033E007FA0C7 /* Resources */ = {
			isa = PBXResourcesBuildPhase;
			buildActionMask = 2147483647;
			files = (
				8178E3242023033E007FA0C7 /* LaunchScreen.storyboard in Resources */,
				8178E3212023033E007FA0C7 /* Assets.xcassets in Resources */,
				8178E31F2023033E007FA0C7 /* Main.storyboard in Resources */,
			);
			runOnlyForDeploymentPostprocessing = 0;
		};
		8178E3282023033E007FA0C7 /* Resources */ = {
			isa = PBXResourcesBuildPhase;
			buildActionMask = 2147483647;
			files = (
			);
			runOnlyForDeploymentPostprocessing = 0;
		};
		8178E3332023033E007FA0C7 /* Resources */ = {
			isa = PBXResourcesBuildPhase;
			buildActionMask = 2147483647;
			files = (
			);
			runOnlyForDeploymentPostprocessing = 0;
		};
/* End PBXResourcesBuildPhase section */

/* Begin PBXSourcesBuildPhase section */
		8178E3122023033E007FA0C7 /* Sources */ = {
			isa = PBXSourcesBuildPhase;
			buildActionMask = 2147483647;
			files = (
				8178E31C2023033E007FA0C7 /* ViewController.swift in Sources */,
				8178E348202303D9007FA0C7 /* CDProgress.swift in Sources */,
				8178E31A2023033E007FA0C7 /* AppDelegate.swift in Sources */,
			);
			runOnlyForDeploymentPostprocessing = 0;
		};
		8178E3262023033E007FA0C7 /* Sources */ = {
			isa = PBXSourcesBuildPhase;
			buildActionMask = 2147483647;
			files = (
				8178E32F2023033E007FA0C7 /* TestCustomProgressTests.swift in Sources */,
			);
			runOnlyForDeploymentPostprocessing = 0;
		};
		8178E3312023033E007FA0C7 /* Sources */ = {
			isa = PBXSourcesBuildPhase;
			buildActionMask = 2147483647;
			files = (
				8178E33A2023033E007FA0C7 /* TestCustomProgressUITests.swift in Sources */,
			);
			runOnlyForDeploymentPostprocessing = 0;
		};
/* End PBXSourcesBuildPhase section */

/* Begin PBXTargetDependency section */
		8178E32C2023033E007FA0C7 /* PBXTargetDependency */ = {
			isa = PBXTargetDependency;
			target = 8178E3152023033E007FA0C7 /* TestCustomProgress */;
			targetProxy = 8178E32B2023033E007FA0C7 /* PBXContainerItemProxy */;
		};
		8178E3372023033E007FA0C7 /* PBXTargetDependency */ = {
			isa = PBXTargetDependency;
			target = 8178E3152023033E007FA0C7 /* TestCustomProgress */;
			targetProxy = 8178E3362023033E007FA0C7 /* PBXContainerItemProxy */;
		};
/* End PBXTargetDependency section */

/* Begin PBXVariantGroup section */
		8178E31D2023033E007FA0C7 /* Main.storyboard */ = {
			isa = PBXVariantGroup;
			children = (
				8178E31E2023033E007FA0C7 /* Base */,
			);
			name = Main.storyboard;
			sourceTree = "<group>";
		};
		8178E3222023033E007FA0C7 /* LaunchScreen.storyboard */ = {
			isa = PBXVariantGroup;
			children = (
				8178E3232023033E007FA0C7 /* Base */,
			);
			name = LaunchScreen.storyboard;
			sourceTree = "<group>";
		};
/* End PBXVariantGroup section */

/* Begin XCBuildConfiguration section */
		8178E33C2023033E007FA0C7 /* Debug */ = {
			isa = XCBuildConfiguration;
			buildSettings = {
				ALWAYS_SEARCH_USER_PATHS = NO;
				CLANG_ANALYZER_NONNULL = YES;
				CLANG_ANALYZER_NUMBER_OBJECT_CONVERSION = YES_AGGRESSIVE;
				CLANG_CXX_LANGUAGE_STANDARD = "gnu++14";
				CLANG_CXX_LIBRARY = "libc++";
				CLANG_ENABLE_MODULES = YES;
				CLANG_ENABLE_OBJC_ARC = YES;
				CLANG_WARN_BLOCK_CAPTURE_AUTORELEASING = YES;
				CLANG_WARN_BOOL_CONVERSION = YES;
				CLANG_WARN_COMMA = YES;
				CLANG_WARN_CONSTANT_CONVERSION = YES;
				CLANG_WARN_DIRECT_OBJC_ISA_USAGE = YES_ERROR;
				CLANG_WARN_DOCUMENTATION_COMMENTS = YES;
				CLANG_WARN_EMPTY_BODY = YES;
				CLANG_WARN_ENUM_CONVERSION = YES;
				CLANG_WARN_INFINITE_RECURSION = YES;
				CLANG_WARN_INT_CONVERSION = YES;
				CLANG_WARN_NON_LITERAL_NULL_CONVERSION = YES;
				CLANG_WARN_OBJC_LITERAL_CONVERSION = YES;
				CLANG_WARN_OBJC_ROOT_CLASS = YES_ERROR;
				CLANG_WARN_RANGE_LOOP_ANALYSIS = YES;
				CLANG_WARN_STRICT_PROTOTYPES = YES;
				CLANG_WARN_SUSPICIOUS_MOVE = YES;
				CLANG_WARN_UNGUARDED_AVAILABILITY = YES_AGGRESSIVE;
				CLANG_WARN_UNREACHABLE_CODE = YES;
				CLANG_WARN__DUPLICATE_METHOD_MATCH = YES;
				CODE_SIGN_IDENTITY = "iPhone Developer";
				COPY_PHASE_STRIP = NO;
				DEBUG_INFORMATION_FORMAT = dwarf;
				ENABLE_STRICT_OBJC_MSGSEND = YES;
				ENABLE_TESTABILITY = YES;
				GCC_C_LANGUAGE_STANDARD = gnu11;
				GCC_DYNAMIC_NO_PIC = NO;
				GCC_NO_COMMON_BLOCKS = YES;
				GCC_OPTIMIZATION_LEVEL = 0;
				GCC_PREPROCESSOR_DEFINITIONS = (
					"DEBUG=1",
					"$(inherited)",
				);
				GCC_WARN_64_TO_32_BIT_CONVERSION = YES;
				GCC_WARN_ABOUT_RETURN_TYPE = YES_ERROR;
				GCC_WARN_UNDECLARED_SELECTOR = YES;
				GCC_WARN_UNINITIALIZED_AUTOS = YES_AGGRESSIVE;
				GCC_WARN_UNUSED_FUNCTION = YES;
				GCC_WARN_UNUSED_VARIABLE = YES;
				IPHONEOS_DEPLOYMENT_TARGET = 11.2;
				MTL_ENABLE_DEBUG_INFO = YES;
				ONLY_ACTIVE_ARCH = YES;
				SDKROOT = iphoneos;
				SWIFT_ACTIVE_COMPILATION_CONDITIONS = DEBUG;
				SWIFT_OPTIMIZATION_LEVEL = "-Onone";
			};
			name = Debug;
		};
		8178E33D2023033E007FA0C7 /* Release */ = {
			isa = XCBuildConfiguration;
			buildSettings = {
				ALWAYS_SEARCH_USER_PATHS = NO;
				CLANG_ANALYZER_NONNULL = YES;
				CLANG_ANALYZER_NUMBER_OBJECT_CONVERSION = YES_AGGRESSIVE;
				CLANG_CXX_LANGUAGE_STANDARD = "gnu++14";
				CLANG_CXX_LIBRARY = "libc++";
				CLANG_ENABLE_MODULES = YES;
				CLANG_ENABLE_OBJC_ARC = YES;
				CLANG_WARN_BLOCK_CAPTURE_AUTORELEASING = YES;
				CLANG_WARN_BOOL_CONVERSION = YES;
				CLANG_WARN_COMMA = YES;
				CLANG_WARN_CONSTANT_CONVERSION = YES;
				CLANG_WARN_DIRECT_OBJC_ISA_USAGE = YES_ERROR;
				CLANG_WARN_DOCUMENTATION_COMMENTS = YES;
				CLANG_WARN_EMPTY_BODY = YES;
				CLANG_WARN_ENUM_CONVERSION = YES;
				CLANG_WARN_INFINITE_RECURSION = YES;
				CLANG_WARN_INT_CONVERSION = YES;
				CLANG_WARN_NON_LITERAL_NULL_CONVERSION = YES;
				CLANG_WARN_OBJC_LITERAL_CONVERSION = YES;
				CLANG_WARN_OBJC_ROOT_CLASS = YES_ERROR;
				CLANG_WARN_RANGE_LOOP_ANALYSIS = YES;
				CLANG_WARN_STRICT_PROTOTYPES = YES;
				CLANG_WARN_SUSPICIOUS_MOVE = YES;
				CLANG_WARN_UNGUARDED_AVAILABILITY = YES_AGGRESSIVE;
				CLANG_WARN_UNREACHABLE_CODE = YES;
				CLANG_WARN__DUPLICATE_METHOD_MATCH = YES;
				CODE_SIGN_IDENTITY = "iPhone Developer";
				COPY_PHASE_STRIP = NO;
				DEBUG_INFORMATION_FORMAT = "dwarf-with-dsym";
				ENABLE_NS_ASSERTIONS = NO;
				ENABLE_STRICT_OBJC_MSGSEND = YES;
				GCC_C_LANGUAGE_STANDARD = gnu11;
				GCC_NO_COMMON_BLOCKS = YES;
				GCC_WARN_64_TO_32_BIT_CONVERSION = YES;
				GCC_WARN_ABOUT_RETURN_TYPE = YES_ERROR;
				GCC_WARN_UNDECLARED_SELECTOR = YES;
				GCC_WARN_UNINITIALIZED_AUTOS = YES_AGGRESSIVE;
				GCC_WARN_UNUSED_FUNCTION = YES;
				GCC_WARN_UNUSED_VARIABLE = YES;
				IPHONEOS_DEPLOYMENT_TARGET = 11.2;
				MTL_ENABLE_DEBUG_INFO = NO;
				SDKROOT = iphoneos;
				SWIFT_OPTIMIZATION_LEVEL = "-Owholemodule";
				VALIDATE_PRODUCT = YES;
			};
			name = Release;
		};
		8178E33F2023033E007FA0C7 /* Debug */ = {
			isa = XCBuildConfiguration;
			buildSettings = {
				ASSETCATALOG_COMPILER_APPICON_NAME = AppIcon;
				CODE_SIGN_STYLE = Automatic;
				INFOPLIST_FILE = TestCustomProgress/Info.plist;
				LD_RUNPATH_SEARCH_PATHS = "$(inherited) @executable_path/Frameworks";
				PRODUCT_BUNDLE_IDENTIFIER = cddh.TestCustomProgress;
				PRODUCT_NAME = "$(TARGET_NAME)";
				SWIFT_VERSION = 4.0;
				TARGETED_DEVICE_FAMILY = "1,2";
			};
			name = Debug;
		};
		8178E3402023033E007FA0C7 /* Release */ = {
			isa = XCBuildConfiguration;
			buildSettings = {
				ASSETCATALOG_COMPILER_APPICON_NAME = AppIcon;
				CODE_SIGN_STYLE = Automatic;
				INFOPLIST_FILE = TestCustomProgress/Info.plist;
				LD_RUNPATH_SEARCH_PATHS = "$(inherited) @executable_path/Frameworks";
				PRODUCT_BUNDLE_IDENTIFIER = cddh.TestCustomProgress;
				PRODUCT_NAME = "$(TARGET_NAME)";
				SWIFT_VERSION = 4.0;
				TARGETED_DEVICE_FAMILY = "1,2";
			};
			name = Release;
		};
		8178E3422023033E007FA0C7 /* Debug */ = {
			isa = XCBuildConfiguration;
			buildSettings = {
				ALWAYS_EMBED_SWIFT_STANDARD_LIBRARIES = YES;
				BUNDLE_LOADER = "$(TEST_HOST)";
				CODE_SIGN_STYLE = Automatic;
				INFOPLIST_FILE = TestCustomProgressTests/Info.plist;
				LD_RUNPATH_SEARCH_PATHS = "$(inherited) @executable_path/Frameworks @loader_path/Frameworks";
				PRODUCT_BUNDLE_IDENTIFIER = cddh.TestCustomProgressTests;
				PRODUCT_NAME = "$(TARGET_NAME)";
				SWIFT_VERSION = 4.0;
				TARGETED_DEVICE_FAMILY = "1,2";
				TEST_HOST = "$(BUILT_PRODUCTS_DIR)/TestCustomProgress.app/TestCustomProgress";
			};
			name = Debug;
		};
		8178E3432023033E007FA0C7 /* Release */ = {
			isa = XCBuildConfiguration;
			buildSettings = {
				ALWAYS_EMBED_SWIFT_STANDARD_LIBRARIES = YES;
				BUNDLE_LOADER = "$(TEST_HOST)";
				CODE_SIGN_STYLE = Automatic;
				INFOPLIST_FILE = TestCustomProgressTests/Info.plist;
				LD_RUNPATH_SEARCH_PATHS = "$(inherited) @executable_path/Frameworks @loader_path/Frameworks";
				PRODUCT_BUNDLE_IDENTIFIER = cddh.TestCustomProgressTests;
				PRODUCT_NAME = "$(TARGET_NAME)";
				SWIFT_VERSION = 4.0;
				TARGETED_DEVICE_FAMILY = "1,2";
				TEST_HOST = "$(BUILT_PRODUCTS_DIR)/TestCustomProgress.app/TestCustomProgress";
			};
			name = Release;
		};
		8178E3452023033E007FA0C7 /* Debug */ = {
			isa = XCBuildConfiguration;
			buildSettings = {
				ALWAYS_EMBED_SWIFT_STANDARD_LIBRARIES = YES;
				CODE_SIGN_STYLE = Automatic;
				INFOPLIST_FILE = TestCustomProgressUITests/Info.plist;
				LD_RUNPATH_SEARCH_PATHS = "$(inherited) @executable_path/Frameworks @loader_path/Frameworks";
				PRODUCT_BUNDLE_IDENTIFIER = cddh.TestCustomProgressUITests;
				PRODUCT_NAME = "$(TARGET_NAME)";
				SWIFT_VERSION = 4.0;
				TARGETED_DEVICE_FAMILY = "1,2";
				TEST_TARGET_NAME = TestCustomProgress;
			};
			name = Debug;
		};
		8178E3462023033E007FA0C7 /* Release */ = {
			isa = XCBuildConfiguration;
			buildSettings = {
				ALWAYS_EMBED_SWIFT_STANDARD_LIBRARIES = YES;
				CODE_SIGN_STYLE = Automatic;
				INFOPLIST_FILE = TestCustomProgressUITests/Info.plist;
				LD_RUNPATH_SEARCH_PATHS = "$(inherited) @executable_path/Frameworks @loader_path/Frameworks";
				PRODUCT_BUNDLE_IDENTIFIER = cddh.TestCustomProgressUITests;
				PRODUCT_NAME = "$(TARGET_NAME)";
				SWIFT_VERSION = 4.0;
				TARGETED_DEVICE_FAMILY = "1,2";
				TEST_TARGET_NAME = TestCustomProgress;
			};
			name = Release;
		};
/* End XCBuildConfiguration section */

/* Begin XCConfigurationList section */
		8178E3112023033E007FA0C7 /* Build configuration list for PBXProject "TestCustomProgress" */ = {
			isa = XCConfigurationList;
			buildConfigurations = (
				8178E33C2023033E007FA0C7 /* Debug */,
				8178E33D2023033E007FA0C7 /* Release */,
			);
			defaultConfigurationIsVisible = 0;
			defaultConfigurationName = Release;
		};
		8178E33E2023033E007FA0C7 /* Build configuration list for PBXNativeTarget "TestCustomProgress" */ = {
			isa = XCConfigurationList;
			buildConfigurations = (
				8178E33F2023033E007FA0C7 /* Debug */,
				8178E3402023033E007FA0C7 /* Release */,
			);
			defaultConfigurationIsVisible = 0;
			defaultConfigurationName = Release;
		};
		8178E3412023033E007FA0C7 /* Build configuration list for PBXNativeTarget "TestCustomProgressTests" */ = {
			isa = XCConfigurationList;
			buildConfigurations = (
				8178E3422023033E007FA0C7 /* Debug */,
				8178E3432023033E007FA0C7 /* Release */,
			);
			defaultConfigurationIsVisible = 0;
			defaultConfigurationName = Release;
		};
		8178E3442023033E007FA0C7 /* Build configuration list for PBXNativeTarget "TestCustomProgressUITests" */ = {
			isa = XCConfigurationList;
			buildConfigurations = (
				8178E3452023033E007FA0C7 /* Debug */,
				8178E3462023033E007FA0C7 /* Release */,
			);
			defaultConfigurationIsVisible = 0;
			defaultConfigurationName = Release;
		};
/* End XCConfigurationList section */
	};
	rootObject = 8178E30E2023033E007FA0C7 /* Project object */;
}
